// !$*UTF8*$!
{
	archiveVersion = 1;
	classes = {
	};
	objectVersion = 46;
	objects = {

/* Begin PBXBuildFile section */
		205CF0191C42BF54003AA987 /* AppDelegate.swift in Sources */ = {isa = PBXBuildFile; fileRef = 205CF0181C42BF54003AA987 /* AppDelegate.swift */; };
		205CF01B1C42BF54003AA987 /* ViewController.swift in Sources */ = {isa = PBXBuildFile; fileRef = 205CF01A1C42BF54003AA987 /* ViewController.swift */; };
		205CF01E1C42BF54003AA987 /* Main.storyboard in Resources */ = {isa = PBXBuildFile; fileRef = 205CF01C1C42BF54003AA987 /* Main.storyboard */; };
		205CF0201C42BF54003AA987 /* Assets.xcassets in Resources */ = {isa = PBXBuildFile; fileRef = 205CF01F1C42BF54003AA987 /* Assets.xcassets */; };
		205CF0231C42BF54003AA987 /* LaunchScreen.storyboard in Resources */ = {isa = PBXBuildFile; fileRef = 205CF0211C42BF54003AA987 /* LaunchScreen.storyboard */; };
		205CF02E1C42BF54003AA987 /* mini_retoTests.swift in Sources */ = {isa = PBXBuildFile; fileRef = 205CF02D1C42BF54003AA987 /* mini_retoTests.swift */; };
		205CF0391C42BF54003AA987 /* mini_retoUITests.swift in Sources */ = {isa = PBXBuildFile; fileRef = 205CF0381C42BF54003AA987 /* mini_retoUITests.swift */; };
/* End PBXBuildFile section */

/* Begin PBXContainerItemProxy section */
		205CF02A1C42BF54003AA987 /* PBXContainerItemProxy */ = {
			isa = PBXContainerItemProxy;
			containerPortal = 205CF00D1C42BF53003AA987 /* Project object */;
			proxyType = 1;
			remoteGlobalIDString = 205CF0141C42BF53003AA987;
			remoteInfo = "mini reto";
		};
		205CF0351C42BF54003AA987 /* PBXContainerItemProxy */ = {
			isa = PBXContainerItemProxy;
			containerPortal = 205CF00D1C42BF53003AA987 /* Project object */;
			proxyType = 1;
			remoteGlobalIDString = 205CF0141C42BF53003AA987;
			remoteInfo = "mini reto";
		};
/* End PBXContainerItemProxy section */

/* Begin PBXFileReference section */
		205CF0151C42BF53003AA987 /* mini reto.app */ = {isa = PBXFileReference; explicitFileType = wrapper.application; includeInIndex = 0; path = "mini reto.app"; sourceTree = BUILT_PRODUCTS_DIR; };
		205CF0181C42BF54003AA987 /* AppDelegate.swift */ = {isa = PBXFileReference; lastKnownFileType = sourcecode.swift; path = AppDelegate.swift; sourceTree = "<group>"; };
		205CF01A1C42BF54003AA987 /* ViewController.swift */ = {isa = PBXFileReference; lastKnownFileType = sourcecode.swift; path = ViewController.swift; sourceTree = "<group>"; };
		205CF01D1C42BF54003AA987 /* Base */ = {isa = PBXFileReference; lastKnownFileType = file.storyboard; name = Base; path = Base.lproj/Main.storyboard; sourceTree = "<group>"; };
		205CF01F1C42BF54003AA987 /* Assets.xcassets */ = {isa = PBXFileReference; lastKnownFileType = folder.assetcatalog; path = Assets.xcassets; sourceTree = "<group>"; };
		205CF0221C42BF54003AA987 /* Base */ = {isa = PBXFileReference; lastKnownFileType = file.storyboard; name = Base; path = Base.lproj/LaunchScreen.storyboard; sourceTree = "<group>"; };
		205CF0241C42BF54003AA987 /* Info.plist */ = {isa = PBXFileReference; lastKnownFileType = text.plist.xml; path = Info.plist; sourceTree = "<group>"; };
		205CF0291C42BF54003AA987 /* mini retoTests.xctest */ = {isa = PBXFileReference; explicitFileType = wrapper.cfbundle; includeInIndex = 0; path = "mini retoTests.xctest"; sourceTree = BUILT_PRODUCTS_DIR; };
		205CF02D1C42BF54003AA987 /* mini_retoTests.swift */ = {isa = PBXFileReference; lastKnownFileType = sourcecode.swift; path = mini_retoTests.swift; sourceTree = "<group>"; };
		205CF02F1C42BF54003AA987 /* Info.plist */ = {isa = PBXFileReference; lastKnownFileType = text.plist.xml; path = Info.plist; sourceTree = "<group>"; };
		205CF0341C42BF54003AA987 /* mini retoUITests.xctest */ = {isa = PBXFileReference; explicitFileType = wrapper.cfbundle; includeInIndex = 0; path = "mini retoUITests.xctest"; sourceTree = BUILT_PRODUCTS_DIR; };
		205CF0381C42BF54003AA987 /* mini_retoUITests.swift */ = {isa = PBXFileReference; lastKnownFileType = sourcecode.swift; path = mini_retoUITests.swift; sourceTree = "<group>"; };
		205CF03A1C42BF54003AA987 /* Info.plist */ = {isa = PBXFileReference; lastKnownFileType = text.plist.xml; path = Info.plist; sourceTree = "<group>"; };
/* End PBXFileReference section */

/* Begin PBXFrameworksBuildPhase section */
		205CF0121C42BF53003AA987 /* Frameworks */ = {
			isa = PBXFrameworksBuildPhase;
			buildActionMask = 2147483647;
			files = (
			);
			runOnlyForDeploymentPostprocessing = 0;
		};
		205CF0261C42BF54003AA987 /* Frameworks */ = {
			isa = PBXFrameworksBuildPhase;
			buildActionMask = 2147483647;
			files = (
			);
			runOnlyForDeploymentPostprocessing = 0;
		};
		205CF0311C42BF54003AA987 /* Frameworks */ = {
			isa = PBXFrameworksBuildPhase;
			buildActionMask = 2147483647;
			files = (
			);
			runOnlyForDeploymentPostprocessing = 0;
		};
/* End PBXFrameworksBuildPhase section */

/* Begin PBXGroup section */
		205CF00C1C42BF53003AA987 = {
			isa = PBXGroup;
			children = (
				205CF0171C42BF53003AA987 /* mini reto */,
				205CF02C1C42BF54003AA987 /* mini retoTests */,
				205CF0371C42BF54003AA987 /* mini retoUITests */,
				205CF0161C42BF53003AA987 /* Products */,
			);
			sourceTree = "<group>";
		};
		205CF0161C42BF53003AA987 /* Products */ = {
			isa = PBXGroup;
			children = (
				205CF0151C42BF53003AA987 /* mini reto.app */,
				205CF0291C42BF54003AA987 /* mini retoTests.xctest */,
				205CF0341C42BF54003AA987 /* mini retoUITests.xctest */,
			);
			name = Products;
			sourceTree = "<group>";
		};
		205CF0171C42BF53003AA987 /* mini reto */ = {
			isa = PBXGroup;
			children = (
				205CF0181C42BF54003AA987 /* AppDelegate.swift */,
				205CF01A1C42BF54003AA987 /* ViewController.swift */,
				205CF01C1C42BF54003AA987 /* Main.storyboard */,
				205CF01F1C42BF54003AA987 /* Assets.xcassets */,
				205CF0211C42BF54003AA987 /* LaunchScreen.storyboard */,
				205CF0241C42BF54003AA987 /* Info.plist */,
			);
			path = "mini reto";
			sourceTree = "<group>";
		};
		205CF02C1C42BF54003AA987 /* mini retoTests */ = {
			isa = PBXGroup;
			children = (
				205CF02D1C42BF54003AA987 /* mini_retoTests.swift */,
				205CF02F1C42BF54003AA987 /* Info.plist */,
			);
			path = "mini retoTests";
			sourceTree = "<group>";
		};
		205CF0371C42BF54003AA987 /* mini retoUITests */ = {
			isa = PBXGroup;
			children = (
				205CF0381C42BF54003AA987 /* mini_retoUITests.swift */,
				205CF03A1C42BF54003AA987 /* Info.plist */,
			);
			path = "mini retoUITests";
			sourceTree = "<group>";
		};
/* End PBXGroup section */

/* Begin PBXNativeTarget section */
		205CF0141C42BF53003AA987 /* mini reto */ = {
			isa = PBXNativeTarget;
			buildConfigurationList = 205CF03D1C42BF54003AA987 /* Build configuration list for PBXNativeTarget "mini reto" */;
			buildPhases = (
				205CF0111C42BF53003AA987 /* Sources */,
				205CF0121C42BF53003AA987 /* Frameworks */,
				205CF0131C42BF53003AA987 /* Resources */,
			);
			buildRules = (
			);
			dependencies = (
			);
			name = "mini reto";
			productName = "mini reto";
			productReference = 205CF0151C42BF53003AA987 /* mini reto.app */;
			productType = "com.apple.product-type.application";
		};
		205CF0281C42BF54003AA987 /* mini retoTests */ = {
			isa = PBXNativeTarget;
			buildConfigurationList = 205CF0401C42BF54003AA987 /* Build configuration list for PBXNativeTarget "mini retoTests" */;
			buildPhases = (
				205CF0251C42BF54003AA987 /* Sources */,
				205CF0261C42BF54003AA987 /* Frameworks */,
				205CF0271C42BF54003AA987 /* Resources */,
			);
			buildRules = (
			);
			dependencies = (
				205CF02B1C42BF54003AA987 /* PBXTargetDependency */,
			);
			name = "mini retoTests";
			productName = "mini retoTests";
			productReference = 205CF0291C42BF54003AA987 /* mini retoTests.xctest */;
			productType = "com.apple.product-type.bundle.unit-test";
		};
		205CF0331C42BF54003AA987 /* mini retoUITests */ = {
			isa = PBXNativeTarget;
			buildConfigurationList = 205CF0431C42BF54003AA987 /* Build configuration list for PBXNativeTarget "mini retoUITests" */;
			buildPhases = (
				205CF0301C42BF54003AA987 /* Sources */,
				205CF0311C42BF54003AA987 /* Frameworks */,
				205CF0321C42BF54003AA987 /* Resources */,
			);
			buildRules = (
			);
			dependencies = (
				205CF0361C42BF54003AA987 /* PBXTargetDependency */,
			);
			name = "mini retoUITests";
			productName = "mini retoUITests";
			productReference = 205CF0341C42BF54003AA987 /* mini retoUITests.xctest */;
			productType = "com.apple.product-type.bundle.ui-testing";
		};
/* End PBXNativeTarget section */

/* Begin PBXProject section */
		205CF00D1C42BF53003AA987 /* Project object */ = {
			isa = PBXProject;
			attributes = {
				LastSwiftUpdateCheck = 0720;
				LastUpgradeCheck = 0720;
				ORGANIZATIONNAME = "Abelardo Castro";
				TargetAttributes = {
					205CF0141C42BF53003AA987 = {
						CreatedOnToolsVersion = 7.2;
					};
					205CF0281C42BF54003AA987 = {
						CreatedOnToolsVersion = 7.2;
						TestTargetID = 205CF0141C42BF53003AA987;
					};
					205CF0331C42BF54003AA987 = {
						CreatedOnToolsVersion = 7.2;
						TestTargetID = 205CF0141C42BF53003AA987;
					};
				};
			};
			buildConfigurationList = 205CF0101C42BF53003AA987 /* Build configuration list for PBXProject "mini reto" */;
			compatibilityVersion = "Xcode 3.2";
			developmentRegion = English;
			hasScannedForEncodings = 0;
			knownRegions = (
				en,
				Base,
			);
			mainGroup = 205CF00C1C42BF53003AA987;
			productRefGroup = 205CF0161C42BF53003AA987 /* Products */;
			projectDirPath = "";
			projectRoot = "";
			targets = (
				205CF0141C42BF53003AA987 /* mini reto */,
				205CF0281C42BF54003AA987 /* mini retoTests */,
				205CF0331C42BF54003AA987 /* mini retoUITests */,
			);
		};
/* End PBXProject section */

/* Begin PBXResourcesBuildPhase section */
		205CF0131C42BF53003AA987 /* Resources */ = {
			isa = PBXResourcesBuildPhase;
			buildActionMask = 2147483647;
			files = (
				205CF0231C42BF54003AA987 /* LaunchScreen.storyboard in Resources */,
				205CF0201C42BF54003AA987 /* Assets.xcassets in Resources */,
				205CF01E1C42BF54003AA987 /* Main.storyboard in Resources */,
			);
			runOnlyForDeploymentPostprocessing = 0;
		};
		205CF0271C42BF54003AA987 /* Resources */ = {
			isa = PBXResourcesBuildPhase;
			buildActionMask = 2147483647;
			files = (
			);
			runOnlyForDeploymentPostprocessing = 0;
		};
		205CF0321C42BF54003AA987 /* Resources */ = {
			isa = PBXResourcesBuildPhase;
			buildActionMask = 2147483647;
			files = (
			);
			runOnlyForDeploymentPostprocessing = 0;
		};
/* End PBXResourcesBuildPhase section */

/* Begin PBXSourcesBuildPhase section */
		205CF0111C42BF53003AA987 /* Sources */ = {
			isa = PBXSourcesBuildPhase;
			buildActionMask = 2147483647;
			files = (
				205CF01B1C42BF54003AA987 /* ViewController.swift in Sources */,
				205CF0191C42BF54003AA987 /* AppDelegate.swift in Sources */,
			);
			runOnlyForDeploymentPostprocessing = 0;
		};
		205CF0251C42BF54003AA987 /* Sources */ = {
			isa = PBXSourcesBuildPhase;
			buildActionMask = 2147483647;
			files = (
				205CF02E1C42BF54003AA987 /* mini_retoTests.swift in Sources */,
			);
			runOnlyForDeploymentPostprocessing = 0;
		};
		205CF0301C42BF54003AA987 /* Sources */ = {
			isa = PBXSourcesBuildPhase;
			buildActionMask = 2147483647;
			files = (
				205CF0391C42BF54003AA987 /* mini_retoUITests.swift in Sources */,
			);
			runOnlyForDeploymentPostprocessing = 0;
		};
/* End PBXSourcesBuildPhase section */

/* Begin PBXTargetDependency section */
		205CF02B1C42BF54003AA987 /* PBXTargetDependency */ = {
			isa = PBXTargetDependency;
			target = 205CF0141C42BF53003AA987 /* mini reto */;
			targetProxy = 205CF02A1C42BF54003AA987 /* PBXContainerItemProxy */;
		};
		205CF0361C42BF54003AA987 /* PBXTargetDependency */ = {
			isa = PBXTargetDependency;
			target = 205CF0141C42BF53003AA987 /* mini reto */;
			targetProxy = 205CF0351C42BF54003AA987 /* PBXContainerItemProxy */;
		};
/* End PBXTargetDependency section */

/* Begin PBXVariantGroup section */
		205CF01C1C42BF54003AA987 /* Main.storyboard */ = {
			isa = PBXVariantGroup;
			children = (
				205CF01D1C42BF54003AA987 /* Base */,
			);
			name = Main.storyboard;
			sourceTree = "<group>";
		};
		205CF0211C42BF54003AA987 /* LaunchScreen.storyboard */ = {
			isa = PBXVariantGroup;
			children = (
				205CF0221C42BF54003AA987 /* Base */,
			);
			name = LaunchScreen.storyboard;
			sourceTree = "<group>";
		};
/* End PBXVariantGroup section */

/* Begin XCBuildConfiguration section */
		205CF03B1C42BF54003AA987 /* Debug */ = {
			isa = XCBuildConfiguration;
			buildSettings = {
				ALWAYS_SEARCH_USER_PATHS = NO;
				CLANG_CXX_LANGUAGE_STANDARD = "gnu++0x";
				CLANG_CXX_LIBRARY = "libc++";
				CLANG_ENABLE_MODULES = YES;
				CLANG_ENABLE_OBJC_ARC = YES;
				CLANG_WARN_BOOL_CONVERSION = YES;
				CLANG_WARN_CONSTANT_CONVERSION = YES;
				CLANG_WARN_DIRECT_OBJC_ISA_USAGE = YES_ERROR;
				CLANG_WARN_EMPTY_BODY = YES;
				CLANG_WARN_ENUM_CONVERSION = YES;
				CLANG_WARN_INT_CONVERSION = YES;
				CLANG_WARN_OBJC_ROOT_CLASS = YES_ERROR;
				CLANG_WARN_UNREACHABLE_CODE = YES;
				CLANG_WARN__DUPLICATE_METHOD_MATCH = YES;
				"CODE_SIGN_IDENTITY[sdk=iphoneos*]" = "iPhone Developer";
				COPY_PHASE_STRIP = NO;
				DEBUG_INFORMATION_FORMAT = dwarf;
				ENABLE_STRICT_OBJC_MSGSEND = YES;
				ENABLE_TESTABILITY = YES;
				GCC_C_LANGUAGE_STANDARD = gnu99;
				GCC_DYNAMIC_NO_PIC = NO;
				GCC_NO_COMMON_BLOCKS = YES;
				GCC_OPTIMIZATION_LEVEL = 0;
				GCC_PREPROCESSOR_DEFINITIONS = (
					"DEBUG=1",
					"$(inherited)",
				);
				GCC_WARN_64_TO_32_BIT_CONVERSION = YES;
				GCC_WARN_ABOUT_RETURN_TYPE = YES_ERROR;
				GCC_WARN_UNDECLARED_SELECTOR = YES;
				GCC_WARN_UNINITIALIZED_AUTOS = YES_AGGRESSIVE;
				GCC_WARN_UNUSED_FUNCTION = YES;
				GCC_WARN_UNUSED_VARIABLE = YES;
				IPHONEOS_DEPLOYMENT_TARGET = 9.2;
				MTL_ENABLE_DEBUG_INFO = YES;
				ONLY_ACTIVE_ARCH = YES;
				SDKROOT = iphoneos;
				SWIFT_OPTIMIZATION_LEVEL = "-Onone";
				TARGETED_DEVICE_FAMILY = "1,2";
			};
			name = Debug;
		};
		205CF03C1C42BF54003AA987 /* Release */ = {
			isa = XCBuildConfiguration;
			buildSettings = {
				ALWAYS_SEARCH_USER_PATHS = NO;
				CLANG_CXX_LANGUAGE_STANDARD = "gnu++0x";
				CLANG_CXX_LIBRARY = "libc++";
				CLANG_ENABLE_MODULES = YES;
				CLANG_ENABLE_OBJC_ARC = YES;
				CLANG_WARN_BOOL_CONVERSION = YES;
				CLANG_WARN_CONSTANT_CONVERSION = YES;
				CLANG_WARN_DIRECT_OBJC_ISA_USAGE = YES_ERROR;
				CLANG_WARN_EMPTY_BODY = YES;
				CLANG_WARN_ENUM_CONVERSION = YES;
				CLANG_WARN_INT_CONVERSION = YES;
				CLANG_WARN_OBJC_ROOT_CLASS = YES_ERROR;
				CLANG_WARN_UNREACHABLE_CODE = YES;
				CLANG_WARN__DUPLICATE_METHOD_MATCH = YES;
				"CODE_SIGN_IDENTITY[sdk=iphoneos*]" = "iPhone Developer";
				COPY_PHASE_STRIP = NO;
				DEBUG_INFORMATION_FORMAT = "dwarf-with-dsym";
				ENABLE_NS_ASSERTIONS = NO;
				ENABLE_STRICT_OBJC_MSGSEND = YES;
				GCC_C_LANGUAGE_STANDARD = gnu99;
				GCC_NO_COMMON_BLOCKS = YES;
				GCC_WARN_64_TO_32_BIT_CONVERSION = YES;
				GCC_WARN_ABOUT_RETURN_TYPE = YES_ERROR;
				GCC_WARN_UNDECLARED_SELECTOR = YES;
				GCC_WARN_UNINITIALIZED_AUTOS = YES_AGGRESSIVE;
				GCC_WARN_UNUSED_FUNCTION = YES;
				GCC_WARN_UNUSED_VARIABLE = YES;
				IPHONEOS_DEPLOYMENT_TARGET = 9.2;
				MTL_ENABLE_DEBUG_INFO = NO;
				SDKROOT = iphoneos;
				TARGETED_DEVICE_FAMILY = "1,2";
				VALIDATE_PRODUCT = YES;
			};
			name = Release;
		};
		205CF03E1C42BF54003AA987 /* Debug */ = {
			isa = XCBuildConfiguration;
			buildSettings = {
				ASSETCATALOG_COMPILER_APPICON_NAME = AppIcon;
				INFOPLIST_FILE = "mini reto/Info.plist";
				LD_RUNPATH_SEARCH_PATHS = "$(inherited) @executable_path/Frameworks";
				PRODUCT_BUNDLE_IDENTIFIER = "lalo.mini-reto";
				PRODUCT_NAME = "$(TARGET_NAME)";
			};
			name = Debug;
		};
		205CF03F1C42BF54003AA987 /* Release */ = {
			isa = XCBuildConfiguration;
			buildSettings = {
				ASSETCATALOG_COMPILER_APPICON_NAME = AppIcon;
				INFOPLIST_FILE = "mini reto/Info.plist";
				LD_RUNPATH_SEARCH_PATHS = "$(inherited) @executable_path/Frameworks";
				PRODUCT_BUNDLE_IDENTIFIER = "lalo.mini-reto";
				PRODUCT_NAME = "$(TARGET_NAME)";
			};
			name = Release;
		};
		205CF0411C42BF54003AA987 /* Debug */ = {
			isa = XCBuildConfiguration;
			buildSettings = {
				BUNDLE_LOADER = "$(TEST_HOST)";
				INFOPLIST_FILE = "mini retoTests/Info.plist";
				LD_RUNPATH_SEARCH_PATHS = "$(inherited) @executable_path/Frameworks @loader_path/Frameworks";
				PRODUCT_BUNDLE_IDENTIFIER = "lalo.mini-retoTests";
				PRODUCT_NAME = "$(TARGET_NAME)";
				TEST_HOST = "$(BUILT_PRODUCTS_DIR)/mini reto.app/mini reto";
			};
			name = Debug;
		};
		205CF0421C42BF54003AA987 /* Release */ = {
			isa = XCBuildConfiguration;
			buildSettings = {
				BUNDLE_LOADER = "$(TEST_HOST)";
				INFOPLIST_FILE = "mini retoTests/Info.plist";
				LD_RUNPATH_SEARCH_PATHS = "$(inherited) @executable_path/Frameworks @loader_path/Frameworks";
				PRODUCT_BUNDLE_IDENTIFIER = "lalo.mini-retoTests";
				PRODUCT_NAME = "$(TARGET_NAME)";
				TEST_HOST = "$(BUILT_PRODUCTS_DIR)/mini reto.app/mini reto";
			};
			name = Release;
		};
		205CF0441C42BF54003AA987 /* Debug */ = {
			isa = XCBuildConfiguration;
			buildSettings = {
				INFOPLIST_FILE = "mini retoUITests/Info.plist";
				LD_RUNPATH_SEARCH_PATHS = "$(inherited) @executable_path/Frameworks @loader_path/Frameworks";
				PRODUCT_BUNDLE_IDENTIFIER = "lalo.mini-retoUITests";
				PRODUCT_NAME = "$(TARGET_NAME)";
				TEST_TARGET_NAME = "mini reto";
				USES_XCTRUNNER = YES;
			};
			name = Debug;
		};
		205CF0451C42BF54003AA987 /* Release */ = {
			isa = XCBuildConfiguration;
			buildSettings = {
				INFOPLIST_FILE = "mini retoUITests/Info.plist";
				LD_RUNPATH_SEARCH_PATHS = "$(inherited) @executable_path/Frameworks @loader_path/Frameworks";
				PRODUCT_BUNDLE_IDENTIFIER = "lalo.mini-retoUITests";
				PRODUCT_NAME = "$(TARGET_NAME)";
				TEST_TARGET_NAME = "mini reto";
				USES_XCTRUNNER = YES;
			};
			name = Release;
		};
/* End XCBuildConfiguration section */

/* Begin XCConfigurationList section */
		205CF0101C42BF53003AA987 /* Build configuration list for PBXProject "mini reto" */ = {
			isa = XCConfigurationList;
			buildConfigurations = (
				205CF03B1C42BF54003AA987 /* Debug */,
				205CF03C1C42BF54003AA987 /* Release */,
			);
			defaultConfigurationIsVisible = 0;
			defaultConfigurationName = Release;
		};
		205CF03D1C42BF54003AA987 /* Build configuration list for PBXNativeTarget "mini reto" */ = {
			isa = XCConfigurationList;
			buildConfigurations = (
				205CF03E1C42BF54003AA987 /* Debug */,
				205CF03F1C42BF54003AA987 /* Release */,
			);
			defaultConfigurationIsVisible = 0;
		};
		205CF0401C42BF54003AA987 /* Build configuration list for PBXNativeTarget "mini retoTests" */ = {
			isa = XCConfigurationList;
			buildConfigurations = (
				205CF0411C42BF54003AA987 /* Debug */,
				205CF0421C42BF54003AA987 /* Release */,
			);
			defaultConfigurationIsVisible = 0;
		};
		205CF0431C42BF54003AA987 /* Build configuration list for PBXNativeTarget "mini retoUITests" */ = {
			isa = XCConfigurationList;
			buildConfigurations = (
				205CF0441C42BF54003AA987 /* Debug */,
				205CF0451C42BF54003AA987 /* Release */,
			);
			defaultConfigurationIsVisible = 0;
		};
/* End XCConfigurationList section */
	};
	rootObject = 205CF00D1C42BF53003AA987 /* Project object */;
}
